
Microsoft Visual Studio Solution File, Format Version 12.00
# Visual Studio 2015
Project("{FAE04EC0-301F-11D3-BF4B-00C04F79EFBC}") = "Robot", "Robot.csproj", "{A6A90DB9-73AF-A082-2ACD-9FE3421E493B}"
EndProject
Project("{FAE04EC0-301F-11D3-BF4B-00C04F79EFBC}") = "Robot.Editor", "Robot.Editor.csproj", "{30BD6327-67AE-11C9-4218-E8BF94DAF39C}"
EndProject
Global
	GlobalSection(SolutionConfigurationPlatforms) = preSolution
		Debug|Any CPU = Debug|Any CPU
		Release|Any CPU = Release|Any CPU
	EndGlobalSection
	GlobalSection(ProjectConfigurationPlatforms) = postSolution
		{A6A90DB9-73AF-A082-2ACD-9FE3421E493B}.Debug|Any CPU.ActiveCfg = Debug|Any CPU
		{A6A90DB9-73AF-A082-2ACD-9FE3421E493B}.Debug|Any CPU.Build.0 = Debug|Any CPU
		{A6A90DB9-73AF-A082-2ACD-9FE3421E493B}.Release|Any CPU.ActiveCfg = Release|Any CPU
		{A6A90DB9-73AF-A082-2ACD-9FE3421E493B}.Release|Any CPU.Build.0 = Release|Any CPU
		{30BD6327-67AE-11C9-4218-E8BF94DAF39C}.Debug|Any CPU.ActiveCfg = Debug|Any CPU
		{30BD6327-67AE-11C9-4218-E8BF94DAF39C}.Debug|Any CPU.Build.0 = Debug|Any CPU
		{30BD6327-67AE-11C9-4218-E8BF94DAF39C}.Release|Any CPU.ActiveCfg = Release|Any CPU
		{30BD6327-67AE-11C9-4218-E8BF94DAF39C}.Release|Any CPU.Build.0 = Release|Any CPU
	EndGlobalSection
	GlobalSection(SolutionProperties) = preSolution
		HideSolutionNode = FALSE
	EndGlobalSection
EndGlobal
